
Microsoft Visual Studio Solution File, Format Version 12.00
# Visual Studio Version 17
VisualStudioVersion = 17.12.35521.163
MinimumVisualStudioVersion = 10.0.40219.1
Project("{FAE04EC0-301F-11D3-BF4B-00C04F79EFBC}") = "class_inheritance", "class_inheritance\class_inheritance.csproj", "{50C97D41-1337-40BE-B261-B1EE3A1EAF6F}"
EndProject
Project("{FAE04EC0-301F-11D3-BF4B-00C04F79EFBC}") = "class_basic", "class_basic\class_basic.csproj", "{333C9BA8-3A81-437C-B75F-95C47DE5A3B6}"
EndProject
Project("{FAE04EC0-301F-11D3-BF4B-00C04F79EFBC}") = "overloading_override", "overloading_override\overloading_override.csproj", "{A0ED5358-F40D-4A82-947C-128EC5913F41}"
EndProject
Project("{FAE04EC0-301F-11D3-BF4B-00C04F79EFBC}") = "partial_class", "partial_class\partial_class.csproj", "{C35D7D0D-8E9F-402C-B10C-E5714C9FC199}"
EndProject
Global
	GlobalSection(SolutionConfigurationPlatforms) = preSolution
		Debug|Any CPU = Debug|Any CPU
		Release|Any CPU = Release|Any CPU
	EndGlobalSection
	GlobalSection(ProjectConfigurationPlatforms) = postSolution
		{50C97D41-1337-40BE-B261-B1EE3A1EAF6F}.Debug|Any CPU.ActiveCfg = Debug|Any CPU
		{50C97D41-1337-40BE-B261-B1EE3A1EAF6F}.Debug|Any CPU.Build.0 = Debug|Any CPU
		{50C97D41-1337-40BE-B261-B1EE3A1EAF6F}.Release|Any CPU.ActiveCfg = Release|Any CPU
		{50C97D41-1337-40BE-B261-B1EE3A1EAF6F}.Release|Any CPU.Build.0 = Release|Any CPU
		{333C9BA8-3A81-437C-B75F-95C47DE5A3B6}.Debug|Any CPU.ActiveCfg = Debug|Any CPU
		{333C9BA8-3A81-437C-B75F-95C47DE5A3B6}.Debug|Any CPU.Build.0 = Debug|Any CPU
		{333C9BA8-3A81-437C-B75F-95C47DE5A3B6}.Release|Any CPU.ActiveCfg = Release|Any CPU
		{333C9BA8-3A81-437C-B75F-95C47DE5A3B6}.Release|Any CPU.Build.0 = Release|Any CPU
		{A0ED5358-F40D-4A82-947C-128EC5913F41}.Debug|Any CPU.ActiveCfg = Debug|Any CPU
		{A0ED5358-F40D-4A82-947C-128EC5913F41}.Debug|Any CPU.Build.0 = Debug|Any CPU
		{A0ED5358-F40D-4A82-947C-128EC5913F41}.Release|Any CPU.ActiveCfg = Release|Any CPU
		{A0ED5358-F40D-4A82-947C-128EC5913F41}.Release|Any CPU.Build.0 = Release|Any CPU
		{C35D7D0D-8E9F-402C-B10C-E5714C9FC199}.Debug|Any CPU.ActiveCfg = Debug|Any CPU
		{C35D7D0D-8E9F-402C-B10C-E5714C9FC199}.Debug|Any CPU.Build.0 = Debug|Any CPU
		{C35D7D0D-8E9F-402C-B10C-E5714C9FC199}.Release|Any CPU.ActiveCfg = Release|Any CPU
		{C35D7D0D-8E9F-402C-B10C-E5714C9FC199}.Release|Any CPU.Build.0 = Release|Any CPU
	EndGlobalSection
	GlobalSection(SolutionProperties) = preSolution
		HideSolutionNode = FALSE
	EndGlobalSection
EndGlobal
