
Microsoft Visual Studio Solution File, Format Version 12.00
# Visual Studio Version 16
VisualStudioVersion = 16.0.35731.53
MinimumVisualStudioVersion = 10.0.40219.1
Project("{FAE04EC0-301F-11D3-BF4B-00C04F79EFBC}") = "WpfApp1", "WpfApp1\WpfApp1.csproj", "{B0019F12-2FBD-4756-BA3D-797647087E79}"
EndProject
Project("{FAE04EC0-301F-11D3-BF4B-00C04F79EFBC}") = "WpfApp2", "WpfApp2\WpfApp2.csproj", "{D44ED29E-55BA-4285-9507-06E8D89ACBC4}"
EndProject
Project("{FAE04EC0-301F-11D3-BF4B-00C04F79EFBC}") = "WpfApp3", "WpfApp3\WpfApp3.csproj", "{979129F1-D041-4F40-BEB0-06904781F547}"
EndProject
Project("{FAE04EC0-301F-11D3-BF4B-00C04F79EFBC}") = "Serialize", "Serialize\Serialize.csproj", "{B1695AF2-E6BE-4189-AD61-FC876D552CE1}"
EndProject
Project("{FAE04EC0-301F-11D3-BF4B-00C04F79EFBC}") = "MVVM_Sample", "MVVM_Sample\MVVM_Sample.csproj", "{B54B2831-A831-4613-BEDE-A0ABC5563335}"
EndProject
Project("{FAE04EC0-301F-11D3-BF4B-00C04F79EFBC}") = "WpfApp4", "WpfApp4\WpfApp4.csproj", "{05753811-1B10-4FF2-B6E0-A98B440B0F90}"
EndProject
Project("{FAE04EC0-301F-11D3-BF4B-00C04F79EFBC}") = "WpfApp5", "WpfApp5\WpfApp5.csproj", "{C2FE6295-3A0E-440C-9D09-4881C1B96447}"
EndProject
Project("{FAE04EC0-301F-11D3-BF4B-00C04F79EFBC}") = "WpfApp6", "WpfApp6\WpfApp6.csproj", "{ED03066B-6376-4C9F-B309-DCD4EB024DEB}"
EndProject
Project("{FAE04EC0-301F-11D3-BF4B-00C04F79EFBC}") = "ThreadTest01", "ThreadTest01\ThreadTest01.csproj", "{5D06E964-CA59-4D72-A23C-E57A9159D4C7}"
EndProject
Project("{FAE04EC0-301F-11D3-BF4B-00C04F79EFBC}") = "ThreadTest02", "ThreadTest02\ThreadTest02.csproj", "{EB6008A6-EE73-4D23-BE09-871877F52D0F}"
EndProject
Global
	GlobalSection(SolutionConfigurationPlatforms) = preSolution
		Debug|Any CPU = Debug|Any CPU
		Release|Any CPU = Release|Any CPU
	EndGlobalSection
	GlobalSection(ProjectConfigurationPlatforms) = postSolution
		{B0019F12-2FBD-4756-BA3D-797647087E79}.Debug|Any CPU.ActiveCfg = Debug|Any CPU
		{B0019F12-2FBD-4756-BA3D-797647087E79}.Debug|Any CPU.Build.0 = Debug|Any CPU
		{B0019F12-2FBD-4756-BA3D-797647087E79}.Release|Any CPU.ActiveCfg = Release|Any CPU
		{B0019F12-2FBD-4756-BA3D-797647087E79}.Release|Any CPU.Build.0 = Release|Any CPU
		{D44ED29E-55BA-4285-9507-06E8D89ACBC4}.Debug|Any CPU.ActiveCfg = Debug|Any CPU
		{D44ED29E-55BA-4285-9507-06E8D89ACBC4}.Debug|Any CPU.Build.0 = Debug|Any CPU
		{D44ED29E-55BA-4285-9507-06E8D89ACBC4}.Release|Any CPU.ActiveCfg = Release|Any CPU
		{D44ED29E-55BA-4285-9507-06E8D89ACBC4}.Release|Any CPU.Build.0 = Release|Any CPU
		{979129F1-D041-4F40-BEB0-06904781F547}.Debug|Any CPU.ActiveCfg = Debug|Any CPU
		{979129F1-D041-4F40-BEB0-06904781F547}.Debug|Any CPU.Build.0 = Debug|Any CPU
		{979129F1-D041-4F40-BEB0-06904781F547}.Release|Any CPU.ActiveCfg = Release|Any CPU
		{979129F1-D041-4F40-BEB0-06904781F547}.Release|Any CPU.Build.0 = Release|Any CPU
		{B1695AF2-E6BE-4189-AD61-FC876D552CE1}.Debug|Any CPU.ActiveCfg = Debug|Any CPU
		{B1695AF2-E6BE-4189-AD61-FC876D552CE1}.Debug|Any CPU.Build.0 = Debug|Any CPU
		{B1695AF2-E6BE-4189-AD61-FC876D552CE1}.Release|Any CPU.ActiveCfg = Release|Any CPU
		{B1695AF2-E6BE-4189-AD61-FC876D552CE1}.Release|Any CPU.Build.0 = Release|Any CPU
		{B54B2831-A831-4613-BEDE-A0ABC5563335}.Debug|Any CPU.ActiveCfg = Debug|Any CPU
		{B54B2831-A831-4613-BEDE-A0ABC5563335}.Debug|Any CPU.Build.0 = Debug|Any CPU
		{B54B2831-A831-4613-BEDE-A0ABC5563335}.Release|Any CPU.ActiveCfg = Release|Any CPU
		{B54B2831-A831-4613-BEDE-A0ABC5563335}.Release|Any CPU.Build.0 = Release|Any CPU
		{05753811-1B10-4FF2-B6E0-A98B440B0F90}.Debug|Any CPU.ActiveCfg = Debug|Any CPU
		{05753811-1B10-4FF2-B6E0-A98B440B0F90}.Debug|Any CPU.Build.0 = Debug|Any CPU
		{05753811-1B10-4FF2-B6E0-A98B440B0F90}.Release|Any CPU.ActiveCfg = Release|Any CPU
		{05753811-1B10-4FF2-B6E0-A98B440B0F90}.Release|Any CPU.Build.0 = Release|Any CPU
		{C2FE6295-3A0E-440C-9D09-4881C1B96447}.Debug|Any CPU.ActiveCfg = Debug|Any CPU
		{C2FE6295-3A0E-440C-9D09-4881C1B96447}.Debug|Any CPU.Build.0 = Debug|Any CPU
		{C2FE6295-3A0E-440C-9D09-4881C1B96447}.Release|Any CPU.ActiveCfg = Release|Any CPU
		{C2FE6295-3A0E-440C-9D09-4881C1B96447}.Release|Any CPU.Build.0 = Release|Any CPU
		{ED03066B-6376-4C9F-B309-DCD4EB024DEB}.Debug|Any CPU.ActiveCfg = Debug|Any CPU
		{ED03066B-6376-4C9F-B309-DCD4EB024DEB}.Debug|Any CPU.Build.0 = Debug|Any CPU
		{ED03066B-6376-4C9F-B309-DCD4EB024DEB}.Release|Any CPU.ActiveCfg = Release|Any CPU
		{ED03066B-6376-4C9F-B309-DCD4EB024DEB}.Release|Any CPU.Build.0 = Release|Any CPU
		{5D06E964-CA59-4D72-A23C-E57A9159D4C7}.Debug|Any CPU.ActiveCfg = Debug|Any CPU
		{5D06E964-CA59-4D72-A23C-E57A9159D4C7}.Debug|Any CPU.Build.0 = Debug|Any CPU
		{5D06E964-CA59-4D72-A23C-E57A9159D4C7}.Release|Any CPU.ActiveCfg = Release|Any CPU
		{5D06E964-CA59-4D72-A23C-E57A9159D4C7}.Release|Any CPU.Build.0 = Release|Any CPU
		{EB6008A6-EE73-4D23-BE09-871877F52D0F}.Debug|Any CPU.ActiveCfg = Debug|Any CPU
		{EB6008A6-EE73-4D23-BE09-871877F52D0F}.Debug|Any CPU.Build.0 = Debug|Any CPU
		{EB6008A6-EE73-4D23-BE09-871877F52D0F}.Release|Any CPU.ActiveCfg = Release|Any CPU
		{EB6008A6-EE73-4D23-BE09-871877F52D0F}.Release|Any CPU.Build.0 = Release|Any CPU
	EndGlobalSection
	GlobalSection(SolutionProperties) = preSolution
		HideSolutionNode = FALSE
	EndGlobalSection
	GlobalSection(ExtensibilityGlobals) = postSolution
		SolutionGuid = {A3F1EB79-2CA0-4A96-A714-6733E8AB0A2B}
	EndGlobalSection
EndGlobal
