
Microsoft Visual Studio Solution File, Format Version 12.00
# Visual Studio Version 17
VisualStudioVersion = 17.11.35431.28
MinimumVisualStudioVersion = 10.0.40219.1
Project("{9A19103F-16F7-4668-BE54-9A1E7A4F7556}") = "ConsoleApp1", "ConsoleApp1\ConsoleApp1.csproj", "{D13BA7F8-B139-4036-B918-9ABEA7D48EA3}"
EndProject
Project("{FAE04EC0-301F-11D3-BF4B-00C04F79EFBC}") = "WinFormsApp1", "WinFormsApp1\WinFormsApp1.csproj", "{5F32F22A-AB2F-418B-B38A-A3FC20451900}"
EndProject
Global
	GlobalSection(SolutionConfigurationPlatforms) = preSolution
		Debug|Any CPU = Debug|Any CPU
		Release|Any CPU = Release|Any CPU
	EndGlobalSection
	GlobalSection(ProjectConfigurationPlatforms) = postSolution
		{D13BA7F8-B139-4036-B918-9ABEA7D48EA3}.Debug|Any CPU.ActiveCfg = Debug|Any CPU
		{D13BA7F8-B139-4036-B918-9ABEA7D48EA3}.Debug|Any CPU.Build.0 = Debug|Any CPU
		{D13BA7F8-B139-4036-B918-9ABEA7D48EA3}.Release|Any CPU.ActiveCfg = Release|Any CPU
		{D13BA7F8-B139-4036-B918-9ABEA7D48EA3}.Release|Any CPU.Build.0 = Release|Any CPU
		{5F32F22A-AB2F-418B-B38A-A3FC20451900}.Debug|Any CPU.ActiveCfg = Debug|Any CPU
		{5F32F22A-AB2F-418B-B38A-A3FC20451900}.Debug|Any CPU.Build.0 = Debug|Any CPU
		{5F32F22A-AB2F-418B-B38A-A3FC20451900}.Release|Any CPU.ActiveCfg = Release|Any CPU
		{5F32F22A-AB2F-418B-B38A-A3FC20451900}.Release|Any CPU.Build.0 = Release|Any CPU
	EndGlobalSection
	GlobalSection(SolutionProperties) = preSolution
		HideSolutionNode = FALSE
	EndGlobalSection
	GlobalSection(ExtensibilityGlobals) = postSolution
		SolutionGuid = {4ECD851D-2698-4F0C-8E84-C315E9723F2C}
	EndGlobalSection
EndGlobal
