
Microsoft Visual Studio Solution File, Format Version 12.00
# Visual Studio Version 17
VisualStudioVersion = 17.14.36408.4
MinimumVisualStudioVersion = 10.0.40219.1
Project("{FAE04EC0-301F-11D3-BF4B-00C04F79EFBC}") = "WpfTcpServer", "WpfTcpServer\WpfTcpServer.csproj", "{0D81B87A-CEDB-38ED-3EE2-793605FE4F94}"
EndProject
Project("{FAE04EC0-301F-11D3-BF4B-00C04F79EFBC}") = "WpfTcpClient", "WpfTcpClient\WpfTcpClient.csproj", "{B722F3EC-D1D2-17B0-4670-30CE105481D9}"
EndProject
Project("{2150E333-8FDC-42A3-9474-1A3956D46DE8}") = "include", "include", "{C8D5274F-AC00-46C7-1F8D-E88E81087A52}"
	ProjectSection(SolutionItems) = preProject
		include\ChatMessage.cs = include\ChatMessage.cs
		include\JsonPacket.cs = include\JsonPacket.cs
		include\UserInfo.cs = include\UserInfo.cs
	EndProjectSection
EndProject
Global
	GlobalSection(SolutionConfigurationPlatforms) = preSolution
		Debug|Any CPU = Debug|Any CPU
		Release|Any CPU = Release|Any CPU
	EndGlobalSection
	GlobalSection(ProjectConfigurationPlatforms) = postSolution
		{0D81B87A-CEDB-38ED-3EE2-793605FE4F94}.Debug|Any CPU.ActiveCfg = Debug|Any CPU
		{0D81B87A-CEDB-38ED-3EE2-793605FE4F94}.Debug|Any CPU.Build.0 = Debug|Any CPU
		{0D81B87A-CEDB-38ED-3EE2-793605FE4F94}.Release|Any CPU.ActiveCfg = Release|Any CPU
		{0D81B87A-CEDB-38ED-3EE2-793605FE4F94}.Release|Any CPU.Build.0 = Release|Any CPU
		{B722F3EC-D1D2-17B0-4670-30CE105481D9}.Debug|Any CPU.ActiveCfg = Debug|Any CPU
		{B722F3EC-D1D2-17B0-4670-30CE105481D9}.Debug|Any CPU.Build.0 = Debug|Any CPU
		{B722F3EC-D1D2-17B0-4670-30CE105481D9}.Release|Any CPU.ActiveCfg = Release|Any CPU
		{B722F3EC-D1D2-17B0-4670-30CE105481D9}.Release|Any CPU.Build.0 = Release|Any CPU
	EndGlobalSection
	GlobalSection(SolutionProperties) = preSolution
		HideSolutionNode = FALSE
	EndGlobalSection
	GlobalSection(ExtensibilityGlobals) = postSolution
		SolutionGuid = {C5E4DB11-257A-4082-8057-3A234508AA48}
	EndGlobalSection
EndGlobal
