
Microsoft Visual Studio Solution File, Format Version 12.00
# Visual Studio Version 17
VisualStudioVersion = 17.14.36408.4 d17.14
MinimumVisualStudioVersion = 10.0.40219.1
Project("{FAE04EC0-301F-11D3-BF4B-00C04F79EFBC}") = "WpfApp1", "WpfApp1\WpfApp1.csproj", "{1E1A0E08-8CC6-4BC6-8C0C-14357E4CA686}"
EndProject
Global
	GlobalSection(SolutionConfigurationPlatforms) = preSolution
		Debug|Any CPU = Debug|Any CPU
		Release|Any CPU = Release|Any CPU
	EndGlobalSection
	GlobalSection(ProjectConfigurationPlatforms) = postSolution
		{1E1A0E08-8CC6-4BC6-8C0C-14357E4CA686}.Debug|Any CPU.ActiveCfg = Debug|Any CPU
		{1E1A0E08-8CC6-4BC6-8C0C-14357E4CA686}.Debug|Any CPU.Build.0 = Debug|Any CPU
		{1E1A0E08-8CC6-4BC6-8C0C-14357E4CA686}.Release|Any CPU.ActiveCfg = Release|Any CPU
		{1E1A0E08-8CC6-4BC6-8C0C-14357E4CA686}.Release|Any CPU.Build.0 = Release|Any CPU
	EndGlobalSection
	GlobalSection(SolutionProperties) = preSolution
		HideSolutionNode = FALSE
	EndGlobalSection
	GlobalSection(ExtensibilityGlobals) = postSolution
		SolutionGuid = {CAC5F5BD-156B-4091-AC40-6386C9D6553D}
	EndGlobalSection
EndGlobal
