
Microsoft Visual Studio Solution File, Format Version 12.00
# Visual Studio Version 17
VisualStudioVersion = 17.14.36408.4 d17.14
MinimumVisualStudioVersion = 10.0.40219.1
Project("{FAE04EC0-301F-11D3-BF4B-00C04F79EFBC}") = "WpfApp1", "WpfApp1\WpfApp1.csproj", "{AFEBC824-6F63-4A45-9342-741872E9093D}"
EndProject
Global
	GlobalSection(SolutionConfigurationPlatforms) = preSolution
		Debug|Any CPU = Debug|Any CPU
		Release|Any CPU = Release|Any CPU
	EndGlobalSection
	GlobalSection(ProjectConfigurationPlatforms) = postSolution
		{AFEBC824-6F63-4A45-9342-741872E9093D}.Debug|Any CPU.ActiveCfg = Debug|Any CPU
		{AFEBC824-6F63-4A45-9342-741872E9093D}.Debug|Any CPU.Build.0 = Debug|Any CPU
		{AFEBC824-6F63-4A45-9342-741872E9093D}.Release|Any CPU.ActiveCfg = Release|Any CPU
		{AFEBC824-6F63-4A45-9342-741872E9093D}.Release|Any CPU.Build.0 = Release|Any CPU
	EndGlobalSection
	GlobalSection(SolutionProperties) = preSolution
		HideSolutionNode = FALSE
	EndGlobalSection
	GlobalSection(ExtensibilityGlobals) = postSolution
		SolutionGuid = {8AD549DA-7D75-4A21-AAF1-E49CA36DB9F6}
	EndGlobalSection
EndGlobal
