
Microsoft Visual Studio Solution File, Format Version 12.00
# Visual Studio Version 16
VisualStudioVersion = 16.0.35826.135
MinimumVisualStudioVersion = 10.0.40219.1
Project("{FAE04EC0-301F-11D3-BF4B-00C04F79EFBC}") = "00_BasicControl", "00_BasicControl\00_BasicControl.csproj", "{B72E4704-69B0-497B-90D7-3C5211979962}"
EndProject
Project("{FAE04EC0-301F-11D3-BF4B-00C04F79EFBC}") = "01_Navigation", "01_Navigation\01_Navigation.csproj", "{FBED1DD7-2ED1-4669-B8F7-532A7B310047}"
EndProject
Project("{FAE04EC0-301F-11D3-BF4B-00C04F79EFBC}") = "02_Understanding_XAML", "02_Understanding_XAML\02_Understanding_XAML.csproj", "{77700864-058F-407D-A08F-B5F5F7B4208D}"
EndProject
Project("{FAE04EC0-301F-11D3-BF4B-00C04F79EFBC}") = "03_Layout", "03_Layout\03_Layout.csproj", "{DE9D505D-6C0F-4FC7-8CF3-4C6DBB17B393}"
EndProject
Project("{FAE04EC0-301F-11D3-BF4B-00C04F79EFBC}") = "04_List_Control", "04_List_Control\04_List_Control.csproj", "{B6614661-C0B3-48F2-BAB4-855DC2C40BC0}"
EndProject
Project("{FAE04EC0-301F-11D3-BF4B-00C04F79EFBC}") = "05_DataBinding", "05_DataBinding\05_DataBinding.csproj", "{C6A62239-6BCB-4268-8954-9987CD62E96B}"
EndProject
Project("{FAE04EC0-301F-11D3-BF4B-00C04F79EFBC}") = "06_Converters", "06_Converters\06_Converters.csproj", "{AFB1B914-E8BD-4633-B920-C342CE36B275}"
EndProject
Project("{FAE04EC0-301F-11D3-BF4B-00C04F79EFBC}") = "07_Chatting", "07_Chatting\07_Chatting.csproj", "{6325DE74-1284-463D-AF70-F71EF1D3DFF3}"
EndProject
Global
	GlobalSection(SolutionConfigurationPlatforms) = preSolution
		Debug|Any CPU = Debug|Any CPU
		Release|Any CPU = Release|Any CPU
	EndGlobalSection
	GlobalSection(ProjectConfigurationPlatforms) = postSolution
		{B72E4704-69B0-497B-90D7-3C5211979962}.Debug|Any CPU.ActiveCfg = Debug|Any CPU
		{B72E4704-69B0-497B-90D7-3C5211979962}.Debug|Any CPU.Build.0 = Debug|Any CPU
		{B72E4704-69B0-497B-90D7-3C5211979962}.Release|Any CPU.ActiveCfg = Release|Any CPU
		{B72E4704-69B0-497B-90D7-3C5211979962}.Release|Any CPU.Build.0 = Release|Any CPU
		{FBED1DD7-2ED1-4669-B8F7-532A7B310047}.Debug|Any CPU.ActiveCfg = Debug|Any CPU
		{FBED1DD7-2ED1-4669-B8F7-532A7B310047}.Debug|Any CPU.Build.0 = Debug|Any CPU
		{FBED1DD7-2ED1-4669-B8F7-532A7B310047}.Release|Any CPU.ActiveCfg = Release|Any CPU
		{FBED1DD7-2ED1-4669-B8F7-532A7B310047}.Release|Any CPU.Build.0 = Release|Any CPU
		{77700864-058F-407D-A08F-B5F5F7B4208D}.Debug|Any CPU.ActiveCfg = Debug|Any CPU
		{77700864-058F-407D-A08F-B5F5F7B4208D}.Debug|Any CPU.Build.0 = Debug|Any CPU
		{77700864-058F-407D-A08F-B5F5F7B4208D}.Release|Any CPU.ActiveCfg = Release|Any CPU
		{77700864-058F-407D-A08F-B5F5F7B4208D}.Release|Any CPU.Build.0 = Release|Any CPU
		{DE9D505D-6C0F-4FC7-8CF3-4C6DBB17B393}.Debug|Any CPU.ActiveCfg = Debug|Any CPU
		{DE9D505D-6C0F-4FC7-8CF3-4C6DBB17B393}.Debug|Any CPU.Build.0 = Debug|Any CPU
		{DE9D505D-6C0F-4FC7-8CF3-4C6DBB17B393}.Release|Any CPU.ActiveCfg = Release|Any CPU
		{DE9D505D-6C0F-4FC7-8CF3-4C6DBB17B393}.Release|Any CPU.Build.0 = Release|Any CPU
		{B6614661-C0B3-48F2-BAB4-855DC2C40BC0}.Debug|Any CPU.ActiveCfg = Debug|Any CPU
		{B6614661-C0B3-48F2-BAB4-855DC2C40BC0}.Debug|Any CPU.Build.0 = Debug|Any CPU
		{B6614661-C0B3-48F2-BAB4-855DC2C40BC0}.Release|Any CPU.ActiveCfg = Release|Any CPU
		{B6614661-C0B3-48F2-BAB4-855DC2C40BC0}.Release|Any CPU.Build.0 = Release|Any CPU
		{C6A62239-6BCB-4268-8954-9987CD62E96B}.Debug|Any CPU.ActiveCfg = Debug|Any CPU
		{C6A62239-6BCB-4268-8954-9987CD62E96B}.Debug|Any CPU.Build.0 = Debug|Any CPU
		{C6A62239-6BCB-4268-8954-9987CD62E96B}.Release|Any CPU.ActiveCfg = Release|Any CPU
		{C6A62239-6BCB-4268-8954-9987CD62E96B}.Release|Any CPU.Build.0 = Release|Any CPU
		{AFB1B914-E8BD-4633-B920-C342CE36B275}.Debug|Any CPU.ActiveCfg = Debug|Any CPU
		{AFB1B914-E8BD-4633-B920-C342CE36B275}.Debug|Any CPU.Build.0 = Debug|Any CPU
		{AFB1B914-E8BD-4633-B920-C342CE36B275}.Release|Any CPU.ActiveCfg = Release|Any CPU
		{AFB1B914-E8BD-4633-B920-C342CE36B275}.Release|Any CPU.Build.0 = Release|Any CPU
		{6325DE74-1284-463D-AF70-F71EF1D3DFF3}.Debug|Any CPU.ActiveCfg = Debug|Any CPU
		{6325DE74-1284-463D-AF70-F71EF1D3DFF3}.Debug|Any CPU.Build.0 = Debug|Any CPU
		{6325DE74-1284-463D-AF70-F71EF1D3DFF3}.Release|Any CPU.ActiveCfg = Release|Any CPU
		{6325DE74-1284-463D-AF70-F71EF1D3DFF3}.Release|Any CPU.Build.0 = Release|Any CPU
	EndGlobalSection
	GlobalSection(SolutionProperties) = preSolution
		HideSolutionNode = FALSE
	EndGlobalSection
	GlobalSection(ExtensibilityGlobals) = postSolution
		SolutionGuid = {919FC008-269B-439B-BF96-CEA2556541FF}
	EndGlobalSection
EndGlobal
