
Microsoft Visual Studio Solution File, Format Version 12.00
# Visual Studio Version 17
VisualStudioVersion = 17.14.36408.4
MinimumVisualStudioVersion = 10.0.40219.1
Project("{9A19103F-16F7-4668-BE54-9A1E7A4F7556}") = "WpfMenu", "WpfMenu\WpfMenu.csproj", "{4ACDDAD8-453F-4040-B199-505E33F15F02}"
EndProject
Project("{FAE04EC0-301F-11D3-BF4B-00C04F79EFBC}") = "WpfThread", "WpfThread\WpfThread.csproj", "{F3D3A535-6857-4AE3-BF44-096C12AB987D}"
EndProject
Project("{FAE04EC0-301F-11D3-BF4B-00C04F79EFBC}") = "WpfTask", "WpfTask\WpfTask.csproj", "{04658B07-B01F-4CD6-B255-A23444C05D22}"
EndProject
Project("{FAE04EC0-301F-11D3-BF4B-00C04F79EFBC}") = "WpfConverter", "WpfConverter\WpfConverter.csproj", "{EC36F6A3-3AF3-4374-99E8-9419119035A2}"
EndProject
Global
	GlobalSection(SolutionConfigurationPlatforms) = preSolution
		Debug|Any CPU = Debug|Any CPU
		Release|Any CPU = Release|Any CPU
	EndGlobalSection
	GlobalSection(ProjectConfigurationPlatforms) = postSolution
		{4ACDDAD8-453F-4040-B199-505E33F15F02}.Debug|Any CPU.ActiveCfg = Debug|Any CPU
		{4ACDDAD8-453F-4040-B199-505E33F15F02}.Debug|Any CPU.Build.0 = Debug|Any CPU
		{4ACDDAD8-453F-4040-B199-505E33F15F02}.Release|Any CPU.ActiveCfg = Release|Any CPU
		{4ACDDAD8-453F-4040-B199-505E33F15F02}.Release|Any CPU.Build.0 = Release|Any CPU
		{F3D3A535-6857-4AE3-BF44-096C12AB987D}.Debug|Any CPU.ActiveCfg = Debug|Any CPU
		{F3D3A535-6857-4AE3-BF44-096C12AB987D}.Debug|Any CPU.Build.0 = Debug|Any CPU
		{F3D3A535-6857-4AE3-BF44-096C12AB987D}.Release|Any CPU.ActiveCfg = Release|Any CPU
		{F3D3A535-6857-4AE3-BF44-096C12AB987D}.Release|Any CPU.Build.0 = Release|Any CPU
		{04658B07-B01F-4CD6-B255-A23444C05D22}.Debug|Any CPU.ActiveCfg = Debug|Any CPU
		{04658B07-B01F-4CD6-B255-A23444C05D22}.Debug|Any CPU.Build.0 = Debug|Any CPU
		{04658B07-B01F-4CD6-B255-A23444C05D22}.Release|Any CPU.ActiveCfg = Release|Any CPU
		{04658B07-B01F-4CD6-B255-A23444C05D22}.Release|Any CPU.Build.0 = Release|Any CPU
		{EC36F6A3-3AF3-4374-99E8-9419119035A2}.Debug|Any CPU.ActiveCfg = Debug|Any CPU
		{EC36F6A3-3AF3-4374-99E8-9419119035A2}.Debug|Any CPU.Build.0 = Debug|Any CPU
		{EC36F6A3-3AF3-4374-99E8-9419119035A2}.Release|Any CPU.ActiveCfg = Release|Any CPU
		{EC36F6A3-3AF3-4374-99E8-9419119035A2}.Release|Any CPU.Build.0 = Release|Any CPU
	EndGlobalSection
	GlobalSection(SolutionProperties) = preSolution
		HideSolutionNode = FALSE
	EndGlobalSection
	GlobalSection(ExtensibilityGlobals) = postSolution
		SolutionGuid = {96433F8B-DBF9-4676-8B17-27122FDC2F57}
	EndGlobalSection
EndGlobal
