
Microsoft Visual Studio Solution File, Format Version 12.00
# Visual Studio Version 17
VisualStudioVersion = 17.14.36408.4
MinimumVisualStudioVersion = 10.0.40219.1
Project("{9A19103F-16F7-4668-BE54-9A1E7A4F7556}") = "WpfMenu", "WpfMenu\WpfMenu.csproj", "{4ACDDAD8-453F-4040-B199-505E33F15F02}"
EndProject
Project("{FAE04EC0-301F-11D3-BF4B-00C04F79EFBC}") = "WpfThread", "WpfThread\WpfThread.csproj", "{F3D3A535-6857-4AE3-BF44-096C12AB987D}"
EndProject
Project("{FAE04EC0-301F-11D3-BF4B-00C04F79EFBC}") = "WpfTask", "WpfTask\WpfTask.csproj", "{04658B07-B01F-4CD6-B255-A23444C05D22}"
EndProject
Project("{FAE04EC0-301F-11D3-BF4B-00C04F79EFBC}") = "WpfConverter", "WpfConverter\WpfConverter.csproj", "{EC36F6A3-3AF3-4374-99E8-9419119035A2}"
EndProject
Project("{FAE04EC0-301F-11D3-BF4B-00C04F79EFBC}") = "WpfTabControl", "WpfTabControl\WpfTabControl.csproj", "{901BBCCF-59DC-4429-8705-5BDD3CA3EE40}"
EndProject
Project("{FAE04EC0-301F-11D3-BF4B-00C04F79EFBC}") = "WpfTreeView", "WpfTreeView\WpfTreeView.csproj", "{8DA4A3EE-3BD2-4952-B066-5D2E1FB2150D}"
EndProject
Project("{FAE04EC0-301F-11D3-BF4B-00C04F79EFBC}") = "WpfScrollViewer", "WpfScrollViewer\WpfScrollViewer.csproj", "{271C893D-5888-47B7-9BF0-769DB3A8A06D}"
EndProject
Project("{FAE04EC0-301F-11D3-BF4B-00C04F79EFBC}") = "WpfMessenger", "WpfMessenger\WpfMessenger.csproj", "{CE2B2E3B-EAA5-440C-B9BA-F300709ED370}"
EndProject
Project("{FAE04EC0-301F-11D3-BF4B-00C04F79EFBC}") = "WpfPopup", "WpfPopup\WpfPopup.csproj", "{945CD317-5D28-448F-8EC4-2CD71444A1B9}"
EndProject
Project("{FAE04EC0-301F-11D3-BF4B-00C04F79EFBC}") = "WpfDependencyProperty", "WpfDependencyProperty\WpfDependencyProperty.csproj", "{3F8AC355-D921-4152-9155-84CFF66DDA01}"
EndProject
Project("{FAE04EC0-301F-11D3-BF4B-00C04F79EFBC}") = "WpfINotifyDataErrorInfo", "WpfINotifyDataErrorInfo\WpfINotifyDataErrorInfo.csproj", "{D47A380E-85E5-4887-A575-23EFF76A07D8}"
EndProject
Project("{FAE04EC0-301F-11D3-BF4B-00C04F79EFBC}") = "WpfValidationRule", "WpfValidationRule\WpfValidationRule.csproj", "{058951F2-08DD-47FB-B468-A63A9803A75E}"
EndProject
Project("{FAE04EC0-301F-11D3-BF4B-00C04F79EFBC}") = "WpfDialogService", "WpfDialogService\WpfDialogService.csproj", "{1AC6D5C1-4502-4488-885C-D7548A2704C4}"
EndProject
Project("{FAE04EC0-301F-11D3-BF4B-00C04F79EFBC}") = "WpfTasks", "WpfTasks\WpfTasks.csproj", "{96A41C58-1894-4B5E-BFA2-C5BDA6F9E728}"
EndProject
Project("{FAE04EC0-301F-11D3-BF4B-00C04F79EFBC}") = "WpfBehavior", "WpfBehavior\WpfBehavior.csproj", "{D3748402-BF77-4902-AFAD-ABA6057D083F}"
EndProject
Global
	GlobalSection(SolutionConfigurationPlatforms) = preSolution
		Debug|Any CPU = Debug|Any CPU
		Release|Any CPU = Release|Any CPU
	EndGlobalSection
	GlobalSection(ProjectConfigurationPlatforms) = postSolution
		{4ACDDAD8-453F-4040-B199-505E33F15F02}.Debug|Any CPU.ActiveCfg = Debug|Any CPU
		{4ACDDAD8-453F-4040-B199-505E33F15F02}.Debug|Any CPU.Build.0 = Debug|Any CPU
		{4ACDDAD8-453F-4040-B199-505E33F15F02}.Release|Any CPU.ActiveCfg = Release|Any CPU
		{4ACDDAD8-453F-4040-B199-505E33F15F02}.Release|Any CPU.Build.0 = Release|Any CPU
		{F3D3A535-6857-4AE3-BF44-096C12AB987D}.Debug|Any CPU.ActiveCfg = Debug|Any CPU
		{F3D3A535-6857-4AE3-BF44-096C12AB987D}.Debug|Any CPU.Build.0 = Debug|Any CPU
		{F3D3A535-6857-4AE3-BF44-096C12AB987D}.Release|Any CPU.ActiveCfg = Release|Any CPU
		{F3D3A535-6857-4AE3-BF44-096C12AB987D}.Release|Any CPU.Build.0 = Release|Any CPU
		{04658B07-B01F-4CD6-B255-A23444C05D22}.Debug|Any CPU.ActiveCfg = Debug|Any CPU
		{04658B07-B01F-4CD6-B255-A23444C05D22}.Debug|Any CPU.Build.0 = Debug|Any CPU
		{04658B07-B01F-4CD6-B255-A23444C05D22}.Release|Any CPU.ActiveCfg = Release|Any CPU
		{04658B07-B01F-4CD6-B255-A23444C05D22}.Release|Any CPU.Build.0 = Release|Any CPU
		{EC36F6A3-3AF3-4374-99E8-9419119035A2}.Debug|Any CPU.ActiveCfg = Debug|Any CPU
		{EC36F6A3-3AF3-4374-99E8-9419119035A2}.Debug|Any CPU.Build.0 = Debug|Any CPU
		{EC36F6A3-3AF3-4374-99E8-9419119035A2}.Release|Any CPU.ActiveCfg = Release|Any CPU
		{EC36F6A3-3AF3-4374-99E8-9419119035A2}.Release|Any CPU.Build.0 = Release|Any CPU
		{901BBCCF-59DC-4429-8705-5BDD3CA3EE40}.Debug|Any CPU.ActiveCfg = Debug|Any CPU
		{901BBCCF-59DC-4429-8705-5BDD3CA3EE40}.Debug|Any CPU.Build.0 = Debug|Any CPU
		{901BBCCF-59DC-4429-8705-5BDD3CA3EE40}.Release|Any CPU.ActiveCfg = Release|Any CPU
		{901BBCCF-59DC-4429-8705-5BDD3CA3EE40}.Release|Any CPU.Build.0 = Release|Any CPU
		{8DA4A3EE-3BD2-4952-B066-5D2E1FB2150D}.Debug|Any CPU.ActiveCfg = Debug|Any CPU
		{8DA4A3EE-3BD2-4952-B066-5D2E1FB2150D}.Debug|Any CPU.Build.0 = Debug|Any CPU
		{8DA4A3EE-3BD2-4952-B066-5D2E1FB2150D}.Release|Any CPU.ActiveCfg = Release|Any CPU
		{8DA4A3EE-3BD2-4952-B066-5D2E1FB2150D}.Release|Any CPU.Build.0 = Release|Any CPU
		{271C893D-5888-47B7-9BF0-769DB3A8A06D}.Debug|Any CPU.ActiveCfg = Debug|Any CPU
		{271C893D-5888-47B7-9BF0-769DB3A8A06D}.Debug|Any CPU.Build.0 = Debug|Any CPU
		{271C893D-5888-47B7-9BF0-769DB3A8A06D}.Release|Any CPU.ActiveCfg = Release|Any CPU
		{271C893D-5888-47B7-9BF0-769DB3A8A06D}.Release|Any CPU.Build.0 = Release|Any CPU
		{CE2B2E3B-EAA5-440C-B9BA-F300709ED370}.Debug|Any CPU.ActiveCfg = Debug|Any CPU
		{CE2B2E3B-EAA5-440C-B9BA-F300709ED370}.Debug|Any CPU.Build.0 = Debug|Any CPU
		{CE2B2E3B-EAA5-440C-B9BA-F300709ED370}.Release|Any CPU.ActiveCfg = Release|Any CPU
		{CE2B2E3B-EAA5-440C-B9BA-F300709ED370}.Release|Any CPU.Build.0 = Release|Any CPU
		{945CD317-5D28-448F-8EC4-2CD71444A1B9}.Debug|Any CPU.ActiveCfg = Debug|Any CPU
		{945CD317-5D28-448F-8EC4-2CD71444A1B9}.Debug|Any CPU.Build.0 = Debug|Any CPU
		{945CD317-5D28-448F-8EC4-2CD71444A1B9}.Release|Any CPU.ActiveCfg = Release|Any CPU
		{945CD317-5D28-448F-8EC4-2CD71444A1B9}.Release|Any CPU.Build.0 = Release|Any CPU
		{3F8AC355-D921-4152-9155-84CFF66DDA01}.Debug|Any CPU.ActiveCfg = Debug|Any CPU
		{3F8AC355-D921-4152-9155-84CFF66DDA01}.Debug|Any CPU.Build.0 = Debug|Any CPU
		{3F8AC355-D921-4152-9155-84CFF66DDA01}.Release|Any CPU.ActiveCfg = Release|Any CPU
		{3F8AC355-D921-4152-9155-84CFF66DDA01}.Release|Any CPU.Build.0 = Release|Any CPU
		{D47A380E-85E5-4887-A575-23EFF76A07D8}.Debug|Any CPU.ActiveCfg = Debug|Any CPU
		{D47A380E-85E5-4887-A575-23EFF76A07D8}.Debug|Any CPU.Build.0 = Debug|Any CPU
		{D47A380E-85E5-4887-A575-23EFF76A07D8}.Release|Any CPU.ActiveCfg = Release|Any CPU
		{D47A380E-85E5-4887-A575-23EFF76A07D8}.Release|Any CPU.Build.0 = Release|Any CPU
		{058951F2-08DD-47FB-B468-A63A9803A75E}.Debug|Any CPU.ActiveCfg = Debug|Any CPU
		{058951F2-08DD-47FB-B468-A63A9803A75E}.Debug|Any CPU.Build.0 = Debug|Any CPU
		{058951F2-08DD-47FB-B468-A63A9803A75E}.Release|Any CPU.ActiveCfg = Release|Any CPU
		{058951F2-08DD-47FB-B468-A63A9803A75E}.Release|Any CPU.Build.0 = Release|Any CPU
		{1AC6D5C1-4502-4488-885C-D7548A2704C4}.Debug|Any CPU.ActiveCfg = Debug|Any CPU
		{1AC6D5C1-4502-4488-885C-D7548A2704C4}.Debug|Any CPU.Build.0 = Debug|Any CPU
		{1AC6D5C1-4502-4488-885C-D7548A2704C4}.Release|Any CPU.ActiveCfg = Release|Any CPU
		{1AC6D5C1-4502-4488-885C-D7548A2704C4}.Release|Any CPU.Build.0 = Release|Any CPU
		{96A41C58-1894-4B5E-BFA2-C5BDA6F9E728}.Debug|Any CPU.ActiveCfg = Debug|Any CPU
		{96A41C58-1894-4B5E-BFA2-C5BDA6F9E728}.Debug|Any CPU.Build.0 = Debug|Any CPU
		{96A41C58-1894-4B5E-BFA2-C5BDA6F9E728}.Release|Any CPU.ActiveCfg = Release|Any CPU
		{96A41C58-1894-4B5E-BFA2-C5BDA6F9E728}.Release|Any CPU.Build.0 = Release|Any CPU
		{D3748402-BF77-4902-AFAD-ABA6057D083F}.Debug|Any CPU.ActiveCfg = Debug|Any CPU
		{D3748402-BF77-4902-AFAD-ABA6057D083F}.Debug|Any CPU.Build.0 = Debug|Any CPU
		{D3748402-BF77-4902-AFAD-ABA6057D083F}.Release|Any CPU.ActiveCfg = Release|Any CPU
		{D3748402-BF77-4902-AFAD-ABA6057D083F}.Release|Any CPU.Build.0 = Release|Any CPU
	EndGlobalSection
	GlobalSection(SolutionProperties) = preSolution
		HideSolutionNode = FALSE
	EndGlobalSection
	GlobalSection(ExtensibilityGlobals) = postSolution
		SolutionGuid = {96433F8B-DBF9-4676-8B17-27122FDC2F57}
	EndGlobalSection
EndGlobal
