
Microsoft Visual Studio Solution File, Format Version 12.00
# Visual Studio Version 16
VisualStudioVersion = 16.0.36631.11
MinimumVisualStudioVersion = 10.0.40219.1
Project("{FAE04EC0-301F-11D3-BF4B-00C04F79EFBC}") = "WpfDevDockLayoutManager", "WpfDevDockLayoutManager\WpfDevDockLayoutManager.csproj", "{2211AA20-EECF-48AC-B3DA-F6670D8F2527}"
EndProject
Global
	GlobalSection(SolutionConfigurationPlatforms) = preSolution
		Debug|Any CPU = Debug|Any CPU
		Release|Any CPU = Release|Any CPU
	EndGlobalSection
	GlobalSection(ProjectConfigurationPlatforms) = postSolution
		{2211AA20-EECF-48AC-B3DA-F6670D8F2527}.Debug|Any CPU.ActiveCfg = Debug|Any CPU
		{2211AA20-EECF-48AC-B3DA-F6670D8F2527}.Debug|Any CPU.Build.0 = Debug|Any CPU
		{2211AA20-EECF-48AC-B3DA-F6670D8F2527}.Release|Any CPU.ActiveCfg = Release|Any CPU
		{2211AA20-EECF-48AC-B3DA-F6670D8F2527}.Release|Any CPU.Build.0 = Release|Any CPU
	EndGlobalSection
	GlobalSection(SolutionProperties) = preSolution
		HideSolutionNode = FALSE
	EndGlobalSection
	GlobalSection(ExtensibilityGlobals) = postSolution
		SolutionGuid = {6F534ACC-7184-444F-83D7-13AC1A480228}
	EndGlobalSection
EndGlobal
